
Microsoft Visual Studio Solution File, Format Version 12.00
# Visual Studio Version 16
VisualStudioVersion = 16.0.30204.135
MinimumVisualStudioVersion = 10.0.40219.1
Project("{FAE04EC0-301F-11D3-BF4B-00C04F79EFBC}") = "PsuWebApplication", "PsuWebApplication\PsuWebApplication.csproj", "{93E4AD4C-8F81-4516-870D-E6034935BC09}"
EndProject
Global
	GlobalSection(SolutionConfigurationPlatforms) = preSolution
		Debug|Any CPU = Debug|Any CPU
		Release|Any CPU = Release|Any CPU
	EndGlobalSection
	GlobalSection(ProjectConfigurationPlatforms) = postSolution
		{93E4AD4C-8F81-4516-870D-E6034935BC09}.Debug|Any CPU.ActiveCfg = Debug|Any CPU
		{93E4AD4C-8F81-4516-870D-E6034935BC09}.Debug|Any CPU.Build.0 = Debug|Any CPU
		{93E4AD4C-8F81-4516-870D-E6034935BC09}.Release|Any CPU.ActiveCfg = Release|Any CPU
		{93E4AD4C-8F81-4516-870D-E6034935BC09}.Release|Any CPU.Build.0 = Release|Any CPU
	EndGlobalSection
	GlobalSection(SolutionProperties) = preSolution
		HideSolutionNode = FALSE
	EndGlobalSection
	GlobalSection(ExtensibilityGlobals) = postSolution
		SolutionGuid = {7C5F57D8-0AA9-4488-8BB1-8C47569FC390}
	EndGlobalSection
EndGlobal
